// !$*UTF8*$!
{
	archiveVersion = 1;
	classes = {
	};
	objectVersion = 46;
	objects = {

/* Begin PBXBuildFile section */
		672726F01E669675007EA935 /* AppDelegate.swift in Sources */ = {isa = PBXBuildFile; fileRef = 672726EF1E669675007EA935 /* AppDelegate.swift */; };
		672726F21E669675007EA935 /* ViewController.swift in Sources */ = {isa = PBXBuildFile; fileRef = 672726F11E669675007EA935 /* ViewController.swift */; };
		672726F51E669675007EA935 /* Main.storyboard in Resources */ = {isa = PBXBuildFile; fileRef = 672726F31E669675007EA935 /* Main.storyboard */; };
		672726F71E669675007EA935 /* Assets.xcassets in Resources */ = {isa = PBXBuildFile; fileRef = 672726F61E669675007EA935 /* Assets.xcassets */; };
		672726FA1E669675007EA935 /* LaunchScreen.storyboard in Resources */ = {isa = PBXBuildFile; fileRef = 672726F81E669675007EA935 /* LaunchScreen.storyboard */; };
/* End PBXBuildFile section */

/* Begin PBXFileReference section */
		672726EC1E669675007EA935 /* FitUp.app */ = {isa = PBXFileReference; explicitFileType = wrapper.application; includeInIndex = 0; path = FitUp.app; sourceTree = BUILT_PRODUCTS_DIR; };
		672726EF1E669675007EA935 /* AppDelegate.swift */ = {isa = PBXFileReference; lastKnownFileType = sourcecode.swift; path = AppDelegate.swift; sourceTree = "<group>"; };
		672726F11E669675007EA935 /* ViewController.swift */ = {isa = PBXFileReference; lastKnownFileType = sourcecode.swift; path = ViewController.swift; sourceTree = "<group>"; };
		672726F41E669675007EA935 /* Base */ = {isa = PBXFileReference; lastKnownFileType = file.storyboard; name = Base; path = Base.lproj/Main.storyboard; sourceTree = "<group>"; };
		672726F61E669675007EA935 /* Assets.xcassets */ = {isa = PBXFileReference; lastKnownFileType = folder.assetcatalog; path = Assets.xcassets; sourceTree = "<group>"; };
		672726F91E669675007EA935 /* Base */ = {isa = PBXFileReference; lastKnownFileType = file.storyboard; name = Base; path = Base.lproj/LaunchScreen.storyboard; sourceTree = "<group>"; };
		672726FB1E669675007EA935 /* Info.plist */ = {isa = PBXFileReference; lastKnownFileType = text.plist.xml; path = Info.plist; sourceTree = "<group>"; };
/* End PBXFileReference section */

/* Begin PBXFrameworksBuildPhase section */
		672726E91E669675007EA935 /* Frameworks */ = {
			isa = PBXFrameworksBuildPhase;
			buildActionMask = 2147483647;
			files = (
			);
			runOnlyForDeploymentPostprocessing = 0;
		};
/* End PBXFrameworksBuildPhase section */

/* Begin PBXGroup section */
		672726E31E669674007EA935 = {
			isa = PBXGroup;
			children = (
				672726EE1E669675007EA935 /* FitUp */,
				672726ED1E669675007EA935 /* Products */,
			);
			sourceTree = "<group>";
		};
		672726ED1E669675007EA935 /* Products */ = {
			isa = PBXGroup;
			children = (
				672726EC1E669675007EA935 /* FitUp.app */,
			);
			name = Products;
			sourceTree = "<group>";
		};
		672726EE1E669675007EA935 /* FitUp */ = {
			isa = PBXGroup;
			children = (
				672726EF1E669675007EA935 /* AppDelegate.swift */,
				672726F11E669675007EA935 /* ViewController.swift */,
				672726F31E669675007EA935 /* Main.storyboard */,
				672726F61E669675007EA935 /* Assets.xcassets */,
				672726F81E669675007EA935 /* LaunchScreen.storyboard */,
				672726FB1E669675007EA935 /* Info.plist */,
			);
			path = FitUp;
			sourceTree = "<group>";
		};
/* End PBXGroup section */

/* Begin PBXNativeTarget section */
		672726EB1E669675007EA935 /* FitUp */ = {
			isa = PBXNativeTarget;
			buildConfigurationList = 672726FE1E669675007EA935 /* Build configuration list for PBXNativeTarget "FitUp" */;
			buildPhases = (
				672726E81E669675007EA935 /* Sources */,
				672726E91E669675007EA935 /* Frameworks */,
				672726EA1E669675007EA935 /* Resources */,
			);
			buildRules = (
			);
			dependencies = (
			);
			name = FitUp;
			productName = FitUp;
			productReference = 672726EC1E669675007EA935 /* FitUp.app */;
			productType = "com.apple.product-type.application";
		};
/* End PBXNativeTarget section */

/* Begin PBXProject section */
		672726E41E669674007EA935 /* Project object */ = {
			isa = PBXProject;
			attributes = {
				LastSwiftUpdateCheck = 0820;
				LastUpgradeCheck = 0820;
				ORGANIZATIONNAME = "CPF-17";
				TargetAttributes = {
					672726EB1E669675007EA935 = {
						CreatedOnToolsVersion = 8.2.1;
						ProvisioningStyle = Automatic;
					};
				};
			};
			buildConfigurationList = 672726E71E669674007EA935 /* Build configuration list for PBXProject "FitUp" */;
			compatibilityVersion = "Xcode 3.2";
			developmentRegion = English;
			hasScannedForEncodings = 0;
			knownRegions = (
				en,
				Base,
			);
			mainGroup = 672726E31E669674007EA935;
			productRefGroup = 672726ED1E669675007EA935 /* Products */;
			projectDirPath = "";
			projectRoot = "";
			targets = (
				672726EB1E669675007EA935 /* FitUp */,
			);
		};
/* End PBXProject section */

/* Begin PBXResourcesBuildPhase section */
		672726EA1E669675007EA935 /* Resources */ = {
			isa = PBXResourcesBuildPhase;
			buildActionMask = 2147483647;
			files = (
				672726FA1E669675007EA935 /* LaunchScreen.storyboard in Resources */,
				672726F71E669675007EA935 /* Assets.xcassets in Resources */,
				672726F51E669675007EA935 /* Main.storyboard in Resources */,
			);
			runOnlyForDeploymentPostprocessing = 0;
		};
/* End PBXResourcesBuildPhase section */

/* Begin PBXSourcesBuildPhase section */
		672726E81E669675007EA935 /* Sources */ = {
			isa = PBXSourcesBuildPhase;
			buildActionMask = 2147483647;
			files = (
				672726F21E669675007EA935 /* ViewController.swift in Sources */,
				672726F01E669675007EA935 /* AppDelegate.swift in Sources */,
			);
			runOnlyForDeploymentPostprocessing = 0;
		};
/* End PBXSourcesBuildPhase section */

/* Begin PBXVariantGroup section */
		672726F31E669675007EA935 /* Main.storyboard */ = {
			isa = PBXVariantGroup;
			children = (
				672726F41E669675007EA935 /* Base */,
			);
			name = Main.storyboard;
			sourceTree = "<group>";
		};
		672726F81E669675007EA935 /* LaunchScreen.storyboard */ = {
			isa = PBXVariantGroup;
			children = (
				672726F91E669675007EA935 /* Base */,
			);
			name = LaunchScreen.storyboard;
			sourceTree = "<group>";
		};
/* End PBXVariantGroup section */

/* Begin XCBuildConfiguration section */
		672726FC1E669675007EA935 /* Debug */ = {
			isa = XCBuildConfiguration;
			buildSettings = {
				ALWAYS_SEARCH_USER_PATHS = NO;
				CLANG_ANALYZER_NONNULL = YES;
				CLANG_CXX_LANGUAGE_STANDARD = "gnu++0x";
				CLANG_CXX_LIBRARY = "libc++";
				CLANG_ENABLE_MODULES = YES;
				CLANG_ENABLE_OBJC_ARC = YES;
				CLANG_WARN_BOOL_CONVERSION = YES;
				CLANG_WARN_CONSTANT_CONVERSION = YES;
				CLANG_WARN_DIRECT_OBJC_ISA_USAGE = YES_ERROR;
				CLANG_WARN_DOCUMENTATION_COMMENTS = YES;
				CLANG_WARN_EMPTY_BODY = YES;
				CLANG_WARN_ENUM_CONVERSION = YES;
				CLANG_WARN_INFINITE_RECURSION = YES;
				CLANG_WARN_INT_CONVERSION = YES;
				CLANG_WARN_OBJC_ROOT_CLASS = YES_ERROR;
				CLANG_WARN_SUSPICIOUS_MOVE = YES;
				CLANG_WARN_UNREACHABLE_CODE = YES;
				CLANG_WARN__DUPLICATE_METHOD_MATCH = YES;
				"CODE_SIGN_IDENTITY[sdk=iphoneos*]" = "iPhone Developer";
				COPY_PHASE_STRIP = NO;
				DEBUG_INFORMATION_FORMAT = dwarf;
				ENABLE_STRICT_OBJC_MSGSEND = YES;
				ENABLE_TESTABILITY = YES;
				GCC_C_LANGUAGE_STANDARD = gnu99;
				GCC_DYNAMIC_NO_PIC = NO;
				GCC_NO_COMMON_BLOCKS = YES;
				GCC_OPTIMIZATION_LEVEL = 0;
				GCC_PREPROCESSOR_DEFINITIONS = (
					"DEBUG=1",
					"$(inherited)",
				);
				GCC_WARN_64_TO_32_BIT_CONVERSION = YES;
				GCC_WARN_ABOUT_RETURN_TYPE = YES_ERROR;
				GCC_WARN_UNDECLARED_SELECTOR = YES;
				GCC_WARN_UNINITIALIZED_AUTOS = YES_AGGRESSIVE;
				GCC_WARN_UNUSED_FUNCTION = YES;
				GCC_WARN_UNUSED_VARIABLE = YES;
				IPHONEOS_DEPLOYMENT_TARGET = 10.2;
				MTL_ENABLE_DEBUG_INFO = YES;
				ONLY_ACTIVE_ARCH = YES;
				SDKROOT = iphoneos;
				SWIFT_ACTIVE_COMPILATION_CONDITIONS = DEBUG;
				SWIFT_OPTIMIZATION_LEVEL = "-Onone";
				TARGETED_DEVICE_FAMILY = "1,2";
			};
			name = Debug;
		};
		672726FD1E669675007EA935 /* Release */ = {
			isa = XCBuildConfiguration;
			buildSettings = {
				ALWAYS_SEARCH_USER_PATHS = NO;
				CLANG_ANALYZER_NONNULL = YES;
				CLANG_CXX_LANGUAGE_STANDARD = "gnu++0x";
				CLANG_CXX_LIBRARY = "libc++";
				CLANG_ENABLE_MODULES = YES;
				CLANG_ENABLE_OBJC_ARC = YES;
				CLANG_WARN_BOOL_CONVERSION = YES;
				CLANG_WARN_CONSTANT_CONVERSION = YES;
				CLANG_WARN_DIRECT_OBJC_ISA_USAGE = YES_ERROR;
				CLANG_WARN_DOCUMENTATION_COMMENTS = YES;
				CLANG_WARN_EMPTY_BODY = YES;
				CLANG_WARN_ENUM_CONVERSION = YES;
				CLANG_WARN_INFINITE_RECURSION = YES;
				CLANG_WARN_INT_CONVERSION = YES;
				CLANG_WARN_OBJC_ROOT_CLASS = YES_ERROR;
				CLANG_WARN_SUSPICIOUS_MOVE = YES;
				CLANG_WARN_UNREACHABLE_CODE = YES;
				CLANG_WARN__DUPLICATE_METHOD_MATCH = YES;
				"CODE_SIGN_IDENTITY[sdk=iphoneos*]" = "iPhone Developer";
				COPY_PHASE_STRIP = NO;
				DEBUG_INFORMATION_FORMAT = "dwarf-with-dsym";
				ENABLE_NS_ASSERTIONS = NO;
				ENABLE_STRICT_OBJC_MSGSEND = YES;
				GCC_C_LANGUAGE_STANDARD = gnu99;
				GCC_NO_COMMON_BLOCKS = YES;
				GCC_WARN_64_TO_32_BIT_CONVERSION = YES;
				GCC_WARN_ABOUT_RETURN_TYPE = YES_ERROR;
				GCC_WARN_UNDECLARED_SELECTOR = YES;
				GCC_WARN_UNINITIALIZED_AUTOS = YES_AGGRESSIVE;
				GCC_WARN_UNUSED_FUNCTION = YES;
				GCC_WARN_UNUSED_VARIABLE = YES;
				IPHONEOS_DEPLOYMENT_TARGET = 10.2;
				MTL_ENABLE_DEBUG_INFO = NO;
				SDKROOT = iphoneos;
				SWIFT_OPTIMIZATION_LEVEL = "-Owholemodule";
				TARGETED_DEVICE_FAMILY = "1,2";
				VALIDATE_PRODUCT = YES;
			};
			name = Release;
		};
		672726FF1E669675007EA935 /* Debug */ = {
			isa = XCBuildConfiguration;
			buildSettings = {
				ASSETCATALOG_COMPILER_APPICON_NAME = AppIcon;
				INFOPLIST_FILE = FitUp/Info.plist;
				LD_RUNPATH_SEARCH_PATHS = "$(inherited) @executable_path/Frameworks";
				PRODUCT_BUNDLE_IDENTIFIER = "cpf-17.FitUp";
				PRODUCT_NAME = "$(TARGET_NAME)";
				SWIFT_VERSION = 3.0;
			};
			name = Debug;
		};
		672727001E669675007EA935 /* Release */ = {
			isa = XCBuildConfiguration;
			buildSettings = {
				ASSETCATALOG_COMPILER_APPICON_NAME = AppIcon;
				INFOPLIST_FILE = FitUp/Info.plist;
				LD_RUNPATH_SEARCH_PATHS = "$(inherited) @executable_path/Frameworks";
				PRODUCT_BUNDLE_IDENTIFIER = "cpf-17.FitUp";
				PRODUCT_NAME = "$(TARGET_NAME)";
				SWIFT_VERSION = 3.0;
			};
			name = Release;
		};
/* End XCBuildConfiguration section */

/* Begin XCConfigurationList section */
		672726E71E669674007EA935 /* Build configuration list for PBXProject "FitUp" */ = {
			isa = XCConfigurationList;
			buildConfigurations = (
				672726FC1E669675007EA935 /* Debug */,
				672726FD1E669675007EA935 /* Release */,
			);
			defaultConfigurationIsVisible = 0;
			defaultConfigurationName = Release;
		};
		672726FE1E669675007EA935 /* Build configuration list for PBXNativeTarget "FitUp" */ = {
			isa = XCConfigurationList;
			buildConfigurations = (
				672726FF1E669675007EA935 /* Debug */,
				672727001E669675007EA935 /* Release */,
			);
			defaultConfigurationIsVisible = 0;
		};
/* End XCConfigurationList section */
	};
	rootObject = 672726E41E669674007EA935 /* Project object */;
}
