// !$*UTF8*$!
{
	archiveVersion = 1;
	classes = {
	};
	objectVersion = 46;
	objects = {

/* Begin PBXBuildFile section */
		4C3267DD1ED2627A0000FC8F /* FadeExtension.swift in Sources */ = {isa = PBXBuildFile; fileRef = 4C3267DC1ED2627A0000FC8F /* FadeExtension.swift */; };
		4C3267EC1ED80C140000FC8F /* WorkoutEntry.storyboard in Resources */ = {isa = PBXBuildFile; fileRef = 4C3267EB1ED80C140000FC8F /* WorkoutEntry.storyboard */; };
		4C3267EE1ED80C4E0000FC8F /* Entry.xib in Resources */ = {isa = PBXBuildFile; fileRef = 4C3267ED1ED80C4E0000FC8F /* Entry.xib */; };
		4C3267F21ED80F890000FC8F /* WorkoutEntryViewController.swift in Sources */ = {isa = PBXBuildFile; fileRef = 4C3267F11ED80F890000FC8F /* WorkoutEntryViewController.swift */; };
		4C3267F41ED813870000FC8F /* WorkoutEntry.swift in Sources */ = {isa = PBXBuildFile; fileRef = 4C3267F31ED813870000FC8F /* WorkoutEntry.swift */; };
		4C3267F61ED998E10000FC8F /* PrefViewController.swift in Sources */ = {isa = PBXBuildFile; fileRef = 4C3267F51ED998E10000FC8F /* PrefViewController.swift */; };
		67AE46CD1EB8431D00021317 /* User.swift in Sources */ = {isa = PBXBuildFile; fileRef = 67AE46CC1EB8431D00021317 /* User.swift */; };
		67C745AC1E9F092000B60013 /* AppDelegate.swift in Sources */ = {isa = PBXBuildFile; fileRef = 67C745AB1E9F092000B60013 /* AppDelegate.swift */; };
		67C745B11E9F092000B60013 /* Main.storyboard in Resources */ = {isa = PBXBuildFile; fileRef = 67C745AF1E9F092000B60013 /* Main.storyboard */; };
		67C745B31E9F092000B60013 /* Assets.xcassets in Resources */ = {isa = PBXBuildFile; fileRef = 67C745B21E9F092000B60013 /* Assets.xcassets */; };
		67C745B61E9F092000B60013 /* LaunchScreen.storyboard in Resources */ = {isa = PBXBuildFile; fileRef = 67C745B41E9F092000B60013 /* LaunchScreen.storyboard */; };
		67C745BE1E9F09BF00B60013 /* LoginViewController.swift in Sources */ = {isa = PBXBuildFile; fileRef = 67C745BD1E9F09BF00B60013 /* LoginViewController.swift */; };
		67C745C01E9F0C4B00B60013 /* GoogleService-Info.plist in Resources */ = {isa = PBXBuildFile; fileRef = 67C745BF1E9F0C4B00B60013 /* GoogleService-Info.plist */; };
		AF008EAC1ED7DB3C0077D188 /* Logged.storyboard in Resources */ = {isa = PBXBuildFile; fileRef = AF008EAB1ED7DB3C0077D188 /* Logged.storyboard */; };
		EC7EDE8D9CD3FB887A51CED6 /* Pods_SmartFit.framework in Frameworks */ = {isa = PBXBuildFile; fileRef = 4A0AF2F9350CEFEDE59993FB /* Pods_SmartFit.framework */; };
		EF3A21731EB18133007FA939 /* WeightViewController.swift in Sources */ = {isa = PBXBuildFile; fileRef = EF3A21721EB18133007FA939 /* WeightViewController.swift */; };
		EF3A21791EB19C3C007FA939 /* UpperBodySubmitViewController.swift in Sources */ = {isa = PBXBuildFile; fileRef = EF3A21781EB19C3C007FA939 /* UpperBodySubmitViewController.swift */; };
		EF42D6BE1EC409430026C9AB /* RoutineUpperViewController.swift in Sources */ = {isa = PBXBuildFile; fileRef = EF42D6BD1EC409430026C9AB /* RoutineUpperViewController.swift */; };
		EF6AA8AC1EC871AD005170A6 /* QueryTypeRoutineViewController.swift in Sources */ = {isa = PBXBuildFile; fileRef = EF6AA8AB1EC871AD005170A6 /* QueryTypeRoutineViewController.swift */; };
		EF6AA8AE1EC87278005170A6 /* QueryDaysViewController.swift in Sources */ = {isa = PBXBuildFile; fileRef = EF6AA8AD1EC87278005170A6 /* QueryDaysViewController.swift */; };
		EF9B43571EAF0FD700CFB399 /* UpperViewController.swift in Sources */ = {isa = PBXBuildFile; fileRef = EF9B43561EAF0FD700CFB399 /* UpperViewController.swift */; };
		EFD68C4C1ECC7B0C00AFF743 /* DaysTableViewController.swift in Sources */ = {isa = PBXBuildFile; fileRef = EFD68C4B1ECC7B0C00AFF743 /* DaysTableViewController.swift */; };
		EFD68C4E1ECC7E5100AFF743 /* PowerMonViewController.swift in Sources */ = {isa = PBXBuildFile; fileRef = EFD68C4D1ECC7E5100AFF743 /* PowerMonViewController.swift */; };
		EFD68C501ECC829C00AFF743 /* PowerLowerViewController.swift in Sources */ = {isa = PBXBuildFile; fileRef = EFD68C4F1ECC829C00AFF743 /* PowerLowerViewController.swift */; };
/* End PBXBuildFile section */

/* Begin PBXFileReference section */
		06DF2AFBEBE37557E5ED6F9E /* Pods-SmartFit.debug.xcconfig */ = {isa = PBXFileReference; includeInIndex = 1; lastKnownFileType = text.xcconfig; name = "Pods-SmartFit.debug.xcconfig"; path = "Pods/Target Support Files/Pods-SmartFit/Pods-SmartFit.debug.xcconfig"; sourceTree = "<group>"; };
		4A0AF2F9350CEFEDE59993FB /* Pods_SmartFit.framework */ = {isa = PBXFileReference; explicitFileType = wrapper.framework; includeInIndex = 0; path = Pods_SmartFit.framework; sourceTree = BUILT_PRODUCTS_DIR; };
		4C3267DC1ED2627A0000FC8F /* FadeExtension.swift */ = {isa = PBXFileReference; fileEncoding = 4; lastKnownFileType = sourcecode.swift; path = FadeExtension.swift; sourceTree = "<group>"; };
		4C3267EB1ED80C140000FC8F /* WorkoutEntry.storyboard */ = {isa = PBXFileReference; fileEncoding = 4; lastKnownFileType = file.storyboard; path = WorkoutEntry.storyboard; sourceTree = "<group>"; };
		4C3267ED1ED80C4E0000FC8F /* Entry.xib */ = {isa = PBXFileReference; fileEncoding = 4; lastKnownFileType = file.xib; path = Entry.xib; sourceTree = "<group>"; };
		4C3267F11ED80F890000FC8F /* WorkoutEntryViewController.swift */ = {isa = PBXFileReference; fileEncoding = 4; lastKnownFileType = sourcecode.swift; path = WorkoutEntryViewController.swift; sourceTree = "<group>"; };
		4C3267F31ED813870000FC8F /* WorkoutEntry.swift */ = {isa = PBXFileReference; fileEncoding = 4; lastKnownFileType = sourcecode.swift; path = WorkoutEntry.swift; sourceTree = "<group>"; };
		4C3267F51ED998E10000FC8F /* PrefViewController.swift */ = {isa = PBXFileReference; fileEncoding = 4; lastKnownFileType = sourcecode.swift; path = PrefViewController.swift; sourceTree = "<group>"; };
		67AE46CC1EB8431D00021317 /* User.swift */ = {isa = PBXFileReference; fileEncoding = 4; lastKnownFileType = sourcecode.swift; path = User.swift; sourceTree = "<group>"; };
		67C745A81E9F092000B60013 /* SmartFit.app */ = {isa = PBXFileReference; explicitFileType = wrapper.application; includeInIndex = 0; path = SmartFit.app; sourceTree = BUILT_PRODUCTS_DIR; };
		67C745AB1E9F092000B60013 /* AppDelegate.swift */ = {isa = PBXFileReference; lastKnownFileType = sourcecode.swift; path = AppDelegate.swift; sourceTree = "<group>"; };
		67C745B01E9F092000B60013 /* Base */ = {isa = PBXFileReference; lastKnownFileType = file.storyboard; name = Base; path = Base.lproj/Main.storyboard; sourceTree = "<group>"; };
		67C745B21E9F092000B60013 /* Assets.xcassets */ = {isa = PBXFileReference; lastKnownFileType = folder.assetcatalog; path = Assets.xcassets; sourceTree = "<group>"; };
		67C745B51E9F092000B60013 /* Base */ = {isa = PBXFileReference; lastKnownFileType = file.storyboard; name = Base; path = Base.lproj/LaunchScreen.storyboard; sourceTree = "<group>"; };
		67C745B71E9F092000B60013 /* Info.plist */ = {isa = PBXFileReference; lastKnownFileType = text.plist.xml; path = Info.plist; sourceTree = "<group>"; };
		67C745BD1E9F09BF00B60013 /* LoginViewController.swift */ = {isa = PBXFileReference; fileEncoding = 4; lastKnownFileType = sourcecode.swift; path = LoginViewController.swift; sourceTree = "<group>"; };
		67C745BF1E9F0C4B00B60013 /* GoogleService-Info.plist */ = {isa = PBXFileReference; fileEncoding = 4; lastKnownFileType = text.plist.xml; path = "GoogleService-Info.plist"; sourceTree = "<group>"; };
		AF008EAB1ED7DB3C0077D188 /* Logged.storyboard */ = {isa = PBXFileReference; fileEncoding = 4; lastKnownFileType = file.storyboard; path = Logged.storyboard; sourceTree = "<group>"; };
		DCF3B86FD4C92D8C63B5CCC7 /* Pods-SmartFit.release.xcconfig */ = {isa = PBXFileReference; includeInIndex = 1; lastKnownFileType = text.xcconfig; name = "Pods-SmartFit.release.xcconfig"; path = "Pods/Target Support Files/Pods-SmartFit/Pods-SmartFit.release.xcconfig"; sourceTree = "<group>"; };
		EF3A21721EB18133007FA939 /* WeightViewController.swift */ = {isa = PBXFileReference; fileEncoding = 4; lastKnownFileType = sourcecode.swift; path = WeightViewController.swift; sourceTree = "<group>"; };
		EF3A21781EB19C3C007FA939 /* UpperBodySubmitViewController.swift */ = {isa = PBXFileReference; fileEncoding = 4; lastKnownFileType = sourcecode.swift; path = UpperBodySubmitViewController.swift; sourceTree = "<group>"; };
		EF42D6BD1EC409430026C9AB /* RoutineUpperViewController.swift */ = {isa = PBXFileReference; fileEncoding = 4; lastKnownFileType = sourcecode.swift; path = RoutineUpperViewController.swift; sourceTree = "<group>"; };
		EF6AA8AB1EC871AD005170A6 /* QueryTypeRoutineViewController.swift */ = {isa = PBXFileReference; fileEncoding = 4; lastKnownFileType = sourcecode.swift; path = QueryTypeRoutineViewController.swift; sourceTree = "<group>"; };
		EF6AA8AD1EC87278005170A6 /* QueryDaysViewController.swift */ = {isa = PBXFileReference; fileEncoding = 4; lastKnownFileType = sourcecode.swift; path = QueryDaysViewController.swift; sourceTree = "<group>"; };
		EF9B43561EAF0FD700CFB399 /* UpperViewController.swift */ = {isa = PBXFileReference; fileEncoding = 4; lastKnownFileType = sourcecode.swift; path = UpperViewController.swift; sourceTree = "<group>"; };
		EFD68C4B1ECC7B0C00AFF743 /* DaysTableViewController.swift */ = {isa = PBXFileReference; fileEncoding = 4; lastKnownFileType = sourcecode.swift; path = DaysTableViewController.swift; sourceTree = "<group>"; };
		EFD68C4D1ECC7E5100AFF743 /* PowerMonViewController.swift */ = {isa = PBXFileReference; fileEncoding = 4; lastKnownFileType = sourcecode.swift; path = PowerMonViewController.swift; sourceTree = "<group>"; };
		EFD68C4F1ECC829C00AFF743 /* PowerLowerViewController.swift */ = {isa = PBXFileReference; fileEncoding = 4; lastKnownFileType = sourcecode.swift; path = PowerLowerViewController.swift; sourceTree = "<group>"; };
/* End PBXFileReference section */

/* Begin PBXFrameworksBuildPhase section */
		67C745A51E9F092000B60013 /* Frameworks */ = {
			isa = PBXFrameworksBuildPhase;
			buildActionMask = 2147483647;
			files = (
				EC7EDE8D9CD3FB887A51CED6 /* Pods_SmartFit.framework in Frameworks */,
			);
			runOnlyForDeploymentPostprocessing = 0;
		};
/* End PBXFrameworksBuildPhase section */

/* Begin PBXGroup section */
		4C3267D71ED261700000FC8F /* Extensions */ = {
			isa = PBXGroup;
			children = (
				4C3267DC1ED2627A0000FC8F /* FadeExtension.swift */,
			);
			name = Extensions;
			sourceTree = "<group>";
		};
		4CE0D5F31EA580AF0082BCF4 /* ViewControllers */ = {
			isa = PBXGroup;
			children = (
				4C3267F51ED998E10000FC8F /* PrefViewController.swift */,
				67C745BD1E9F09BF00B60013 /* LoginViewController.swift */,
				EF9B43561EAF0FD700CFB399 /* UpperViewController.swift */,
				EF3A21721EB18133007FA939 /* WeightViewController.swift */,
				EF3A21781EB19C3C007FA939 /* UpperBodySubmitViewController.swift */,
				EF42D6BD1EC409430026C9AB /* RoutineUpperViewController.swift */,
				EF6AA8AB1EC871AD005170A6 /* QueryTypeRoutineViewController.swift */,
				EF6AA8AD1EC87278005170A6 /* QueryDaysViewController.swift */,
				EFD68C4B1ECC7B0C00AFF743 /* DaysTableViewController.swift */,
				EFD68C4D1ECC7E5100AFF743 /* PowerMonViewController.swift */,
				EFD68C4F1ECC829C00AFF743 /* PowerLowerViewController.swift */,
				4C3267F11ED80F890000FC8F /* WorkoutEntryViewController.swift */,
			);
			name = ViewControllers;
			sourceTree = "<group>";
		};
		67C7459F1E9F092000B60013 = {
			isa = PBXGroup;
			children = (
				67C745AA1E9F092000B60013 /* SmartFit */,
				67C745A91E9F092000B60013 /* Products */,
				B2199B7EA805CC4B2AFC2937 /* Pods */,
				FF779D836A340016514A2E95 /* Frameworks */,
			);
			sourceTree = "<group>";
		};
		67C745A91E9F092000B60013 /* Products */ = {
			isa = PBXGroup;
			children = (
				67C745A81E9F092000B60013 /* SmartFit.app */,
			);
			name = Products;
			sourceTree = "<group>";
		};
		67C745AA1E9F092000B60013 /* SmartFit */ = {
			isa = PBXGroup;
			children = (
				4C3267D71ED261700000FC8F /* Extensions */,
				EF5080841ECC343A0013FACF /* Model */,
				4CE0D5F31EA580AF0082BCF4 /* ViewControllers */,
				67C745AB1E9F092000B60013 /* AppDelegate.swift */,
				67C745AF1E9F092000B60013 /* Main.storyboard */,
				AF008EAB1ED7DB3C0077D188 /* Logged.storyboard */,
				4C3267F31ED813870000FC8F /* WorkoutEntry.swift */,
				67C745B21E9F092000B60013 /* Assets.xcassets */,
				67C745B41E9F092000B60013 /* LaunchScreen.storyboard */,
				67C745B71E9F092000B60013 /* Info.plist */,
				67C745BF1E9F0C4B00B60013 /* GoogleService-Info.plist */,
				4C3267EB1ED80C140000FC8F /* WorkoutEntry.storyboard */,
				4C3267ED1ED80C4E0000FC8F /* Entry.xib */,
			);
			path = SmartFit;
			sourceTree = "<group>";
		};
		B2199B7EA805CC4B2AFC2937 /* Pods */ = {
			isa = PBXGroup;
			children = (
				06DF2AFBEBE37557E5ED6F9E /* Pods-SmartFit.debug.xcconfig */,
				DCF3B86FD4C92D8C63B5CCC7 /* Pods-SmartFit.release.xcconfig */,
			);
			name = Pods;
			sourceTree = "<group>";
		};
		EF5080841ECC343A0013FACF /* Model */ = {
			isa = PBXGroup;
			children = (
				67AE46CC1EB8431D00021317 /* User.swift */,
			);
			name = Model;
			sourceTree = "<group>";
		};
		FF779D836A340016514A2E95 /* Frameworks */ = {
			isa = PBXGroup;
			children = (
				4A0AF2F9350CEFEDE59993FB /* Pods_SmartFit.framework */,
			);
			name = Frameworks;
			sourceTree = "<group>";
		};
/* End PBXGroup section */

/* Begin PBXNativeTarget section */
		67C745A71E9F092000B60013 /* SmartFit */ = {
			isa = PBXNativeTarget;
			buildConfigurationList = 67C745BA1E9F092000B60013 /* Build configuration list for PBXNativeTarget "SmartFit" */;
			buildPhases = (
				3D331D02D9EA5CD337144E27 /* [CP] Check Pods Manifest.lock */,
				67C745A41E9F092000B60013 /* Sources */,
				67C745A51E9F092000B60013 /* Frameworks */,
				67C745A61E9F092000B60013 /* Resources */,
				A90C18CC705681B82E8E50CF /* [CP] Embed Pods Frameworks */,
				F2FAE4AD98979A97A859ED56 /* [CP] Copy Pods Resources */,
			);
			buildRules = (
			);
			dependencies = (
			);
			name = SmartFit;
			productName = SmartFit;
			productReference = 67C745A81E9F092000B60013 /* SmartFit.app */;
			productType = "com.apple.product-type.application";
		};
/* End PBXNativeTarget section */

/* Begin PBXProject section */
		67C745A01E9F092000B60013 /* Project object */ = {
			isa = PBXProject;
			attributes = {
				LastSwiftUpdateCheck = 0820;
				LastUpgradeCheck = 0820;
				ORGANIZATIONNAME = "CPF-17";
				TargetAttributes = {
					67C745A71E9F092000B60013 = {
						CreatedOnToolsVersion = 8.2.1;
						DevelopmentTeam = R7C6985UMF;
						ProvisioningStyle = Automatic;
					};
				};
			};
			buildConfigurationList = 67C745A31E9F092000B60013 /* Build configuration list for PBXProject "SmartFit" */;
			compatibilityVersion = "Xcode 3.2";
			developmentRegion = English;
			hasScannedForEncodings = 0;
			knownRegions = (
				en,
				Base,
			);
			mainGroup = 67C7459F1E9F092000B60013;
			productRefGroup = 67C745A91E9F092000B60013 /* Products */;
			projectDirPath = "";
			projectRoot = "";
			targets = (
				67C745A71E9F092000B60013 /* SmartFit */,
			);
		};
/* End PBXProject section */

/* Begin PBXResourcesBuildPhase section */
		67C745A61E9F092000B60013 /* Resources */ = {
			isa = PBXResourcesBuildPhase;
			buildActionMask = 2147483647;
			files = (
				67C745B61E9F092000B60013 /* LaunchScreen.storyboard in Resources */,
				67C745C01E9F0C4B00B60013 /* GoogleService-Info.plist in Resources */,
				67C745B31E9F092000B60013 /* Assets.xcassets in Resources */,
				4C3267EC1ED80C140000FC8F /* WorkoutEntry.storyboard in Resources */,
				67C745B11E9F092000B60013 /* Main.storyboard in Resources */,
				4C3267EE1ED80C4E0000FC8F /* Entry.xib in Resources */,
				AF008EAC1ED7DB3C0077D188 /* Logged.storyboard in Resources */,
			);
			runOnlyForDeploymentPostprocessing = 0;
		};
/* End PBXResourcesBuildPhase section */

/* Begin PBXShellScriptBuildPhase section */
		3D331D02D9EA5CD337144E27 /* [CP] Check Pods Manifest.lock */ = {
			isa = PBXShellScriptBuildPhase;
			buildActionMask = 2147483647;
			files = (
			);
			inputPaths = (
			);
			name = "[CP] Check Pods Manifest.lock";
			outputPaths = (
			);
			runOnlyForDeploymentPostprocessing = 0;
			shellPath = /bin/sh;
			shellScript = "diff \"${PODS_ROOT}/../Podfile.lock\" \"${PODS_ROOT}/Manifest.lock\" > /dev/null\nif [ $? != 0 ] ; then\n    # print error to STDERR\n    echo \"error: The sandbox is not in sync with the Podfile.lock. Run 'pod install' or update your CocoaPods installation.\" >&2\n    exit 1\nfi\n";
			showEnvVarsInLog = 0;
		};
		A90C18CC705681B82E8E50CF /* [CP] Embed Pods Frameworks */ = {
			isa = PBXShellScriptBuildPhase;
			buildActionMask = 2147483647;
			files = (
			);
			inputPaths = (
			);
			name = "[CP] Embed Pods Frameworks";
			outputPaths = (
			);
			runOnlyForDeploymentPostprocessing = 0;
			shellPath = /bin/sh;
			shellScript = "\"${SRCROOT}/Pods/Target Support Files/Pods-SmartFit/Pods-SmartFit-frameworks.sh\"\n";
			showEnvVarsInLog = 0;
		};
		F2FAE4AD98979A97A859ED56 /* [CP] Copy Pods Resources */ = {
			isa = PBXShellScriptBuildPhase;
			buildActionMask = 2147483647;
			files = (
			);
			inputPaths = (
			);
			name = "[CP] Copy Pods Resources";
			outputPaths = (
			);
			runOnlyForDeploymentPostprocessing = 0;
			shellPath = /bin/sh;
			shellScript = "\"${SRCROOT}/Pods/Target Support Files/Pods-SmartFit/Pods-SmartFit-resources.sh\"\n";
			showEnvVarsInLog = 0;
		};
/* End PBXShellScriptBuildPhase section */

/* Begin PBXSourcesBuildPhase section */
		67C745A41E9F092000B60013 /* Sources */ = {
			isa = PBXSourcesBuildPhase;
			buildActionMask = 2147483647;
			files = (
				67C745BE1E9F09BF00B60013 /* LoginViewController.swift in Sources */,
				EF6AA8AE1EC87278005170A6 /* QueryDaysViewController.swift in Sources */,
				EF42D6BE1EC409430026C9AB /* RoutineUpperViewController.swift in Sources */,
				EF3A21791EB19C3C007FA939 /* UpperBodySubmitViewController.swift in Sources */,
				EFD68C501ECC829C00AFF743 /* PowerLowerViewController.swift in Sources */,
				EF3A21731EB18133007FA939 /* WeightViewController.swift in Sources */,
				EF6AA8AC1EC871AD005170A6 /* QueryTypeRoutineViewController.swift in Sources */,
				4C3267DD1ED2627A0000FC8F /* FadeExtension.swift in Sources */,
				67C745AC1E9F092000B60013 /* AppDelegate.swift in Sources */,
				EF9B43571EAF0FD700CFB399 /* UpperViewController.swift in Sources */,
				4C3267F21ED80F890000FC8F /* WorkoutEntryViewController.swift in Sources */,
				67AE46CD1EB8431D00021317 /* User.swift in Sources */,
				4C3267F41ED813870000FC8F /* WorkoutEntry.swift in Sources */,
				EFD68C4C1ECC7B0C00AFF743 /* DaysTableViewController.swift in Sources */,
				EFD68C4E1ECC7E5100AFF743 /* PowerMonViewController.swift in Sources */,
				4C3267F61ED998E10000FC8F /* PrefViewController.swift in Sources */,
			);
			runOnlyForDeploymentPostprocessing = 0;
		};
/* End PBXSourcesBuildPhase section */

/* Begin PBXVariantGroup section */
		67C745AF1E9F092000B60013 /* Main.storyboard */ = {
			isa = PBXVariantGroup;
			children = (
				67C745B01E9F092000B60013 /* Base */,
			);
			name = Main.storyboard;
			sourceTree = "<group>";
		};
		67C745B41E9F092000B60013 /* LaunchScreen.storyboard */ = {
			isa = PBXVariantGroup;
			children = (
				67C745B51E9F092000B60013 /* Base */,
			);
			name = LaunchScreen.storyboard;
			sourceTree = "<group>";
		};
/* End PBXVariantGroup section */

/* Begin XCBuildConfiguration section */
		67C745B81E9F092000B60013 /* Debug */ = {
			isa = XCBuildConfiguration;
			buildSettings = {
				ALWAYS_SEARCH_USER_PATHS = NO;
				CLANG_ANALYZER_NONNULL = YES;
				CLANG_CXX_LANGUAGE_STANDARD = "gnu++0x";
				CLANG_CXX_LIBRARY = "libc++";
				CLANG_ENABLE_MODULES = YES;
				CLANG_ENABLE_OBJC_ARC = YES;
				CLANG_WARN_BOOL_CONVERSION = YES;
				CLANG_WARN_CONSTANT_CONVERSION = YES;
				CLANG_WARN_DIRECT_OBJC_ISA_USAGE = YES_ERROR;
				CLANG_WARN_DOCUMENTATION_COMMENTS = YES;
				CLANG_WARN_EMPTY_BODY = YES;
				CLANG_WARN_ENUM_CONVERSION = YES;
				CLANG_WARN_INFINITE_RECURSION = YES;
				CLANG_WARN_INT_CONVERSION = YES;
				CLANG_WARN_OBJC_ROOT_CLASS = YES_ERROR;
				CLANG_WARN_SUSPICIOUS_MOVE = YES;
				CLANG_WARN_UNREACHABLE_CODE = YES;
				CLANG_WARN__DUPLICATE_METHOD_MATCH = YES;
				"CODE_SIGN_IDENTITY[sdk=iphoneos*]" = "iPhone Developer";
				COPY_PHASE_STRIP = NO;
				DEBUG_INFORMATION_FORMAT = dwarf;
				ENABLE_STRICT_OBJC_MSGSEND = YES;
				ENABLE_TESTABILITY = YES;
				GCC_C_LANGUAGE_STANDARD = gnu99;
				GCC_DYNAMIC_NO_PIC = NO;
				GCC_NO_COMMON_BLOCKS = YES;
				GCC_OPTIMIZATION_LEVEL = 0;
				GCC_PREPROCESSOR_DEFINITIONS = (
					"DEBUG=1",
					"$(inherited)",
				);
				GCC_WARN_64_TO_32_BIT_CONVERSION = YES;
				GCC_WARN_ABOUT_RETURN_TYPE = YES_ERROR;
				GCC_WARN_UNDECLARED_SELECTOR = YES;
				GCC_WARN_UNINITIALIZED_AUTOS = YES_AGGRESSIVE;
				GCC_WARN_UNUSED_FUNCTION = YES;
				GCC_WARN_UNUSED_VARIABLE = YES;
				IPHONEOS_DEPLOYMENT_TARGET = 10.2;
				MTL_ENABLE_DEBUG_INFO = YES;
				ONLY_ACTIVE_ARCH = YES;
				SDKROOT = iphoneos;
				SWIFT_ACTIVE_COMPILATION_CONDITIONS = DEBUG;
				SWIFT_OPTIMIZATION_LEVEL = "-Onone";
				TARGETED_DEVICE_FAMILY = "1,2";
			};
			name = Debug;
		};
		67C745B91E9F092000B60013 /* Release */ = {
			isa = XCBuildConfiguration;
			buildSettings = {
				ALWAYS_SEARCH_USER_PATHS = NO;
				CLANG_ANALYZER_NONNULL = YES;
				CLANG_CXX_LANGUAGE_STANDARD = "gnu++0x";
				CLANG_CXX_LIBRARY = "libc++";
				CLANG_ENABLE_MODULES = YES;
				CLANG_ENABLE_OBJC_ARC = YES;
				CLANG_WARN_BOOL_CONVERSION = YES;
				CLANG_WARN_CONSTANT_CONVERSION = YES;
				CLANG_WARN_DIRECT_OBJC_ISA_USAGE = YES_ERROR;
				CLANG_WARN_DOCUMENTATION_COMMENTS = YES;
				CLANG_WARN_EMPTY_BODY = YES;
				CLANG_WARN_ENUM_CONVERSION = YES;
				CLANG_WARN_INFINITE_RECURSION = YES;
				CLANG_WARN_INT_CONVERSION = YES;
				CLANG_WARN_OBJC_ROOT_CLASS = YES_ERROR;
				CLANG_WARN_SUSPICIOUS_MOVE = YES;
				CLANG_WARN_UNREACHABLE_CODE = YES;
				CLANG_WARN__DUPLICATE_METHOD_MATCH = YES;
				"CODE_SIGN_IDENTITY[sdk=iphoneos*]" = "iPhone Developer";
				COPY_PHASE_STRIP = NO;
				DEBUG_INFORMATION_FORMAT = "dwarf-with-dsym";
				ENABLE_NS_ASSERTIONS = NO;
				ENABLE_STRICT_OBJC_MSGSEND = YES;
				GCC_C_LANGUAGE_STANDARD = gnu99;
				GCC_NO_COMMON_BLOCKS = YES;
				GCC_WARN_64_TO_32_BIT_CONVERSION = YES;
				GCC_WARN_ABOUT_RETURN_TYPE = YES_ERROR;
				GCC_WARN_UNDECLARED_SELECTOR = YES;
				GCC_WARN_UNINITIALIZED_AUTOS = YES_AGGRESSIVE;
				GCC_WARN_UNUSED_FUNCTION = YES;
				GCC_WARN_UNUSED_VARIABLE = YES;
				IPHONEOS_DEPLOYMENT_TARGET = 10.2;
				MTL_ENABLE_DEBUG_INFO = NO;
				SDKROOT = iphoneos;
				SWIFT_OPTIMIZATION_LEVEL = "-Owholemodule";
				TARGETED_DEVICE_FAMILY = "1,2";
				VALIDATE_PRODUCT = YES;
			};
			name = Release;
		};
		67C745BB1E9F092000B60013 /* Debug */ = {
			isa = XCBuildConfiguration;
			baseConfigurationReference = 06DF2AFBEBE37557E5ED6F9E /* Pods-SmartFit.debug.xcconfig */;
			buildSettings = {
				ASSETCATALOG_COMPILER_APPICON_NAME = AppIcon;
				DEVELOPMENT_TEAM = R7C6985UMF;
				INFOPLIST_FILE = SmartFit/Info.plist;
				LD_RUNPATH_SEARCH_PATHS = "$(inherited) @executable_path/Frameworks";
				PRODUCT_BUNDLE_IDENTIFIER = "cpf-17.SmartFit";
				PRODUCT_NAME = "$(TARGET_NAME)";
				SWIFT_VERSION = 3.0;
			};
			name = Debug;
		};
		67C745BC1E9F092000B60013 /* Release */ = {
			isa = XCBuildConfiguration;
			baseConfigurationReference = DCF3B86FD4C92D8C63B5CCC7 /* Pods-SmartFit.release.xcconfig */;
			buildSettings = {
				ASSETCATALOG_COMPILER_APPICON_NAME = AppIcon;
				DEVELOPMENT_TEAM = R7C6985UMF;
				INFOPLIST_FILE = SmartFit/Info.plist;
				LD_RUNPATH_SEARCH_PATHS = "$(inherited) @executable_path/Frameworks";
				PRODUCT_BUNDLE_IDENTIFIER = "cpf-17.SmartFit";
				PRODUCT_NAME = "$(TARGET_NAME)";
				SWIFT_VERSION = 3.0;
			};
			name = Release;
		};
/* End XCBuildConfiguration section */

/* Begin XCConfigurationList section */
		67C745A31E9F092000B60013 /* Build configuration list for PBXProject "SmartFit" */ = {
			isa = XCConfigurationList;
			buildConfigurations = (
				67C745B81E9F092000B60013 /* Debug */,
				67C745B91E9F092000B60013 /* Release */,
			);
			defaultConfigurationIsVisible = 0;
			defaultConfigurationName = Release;
		};
		67C745BA1E9F092000B60013 /* Build configuration list for PBXNativeTarget "SmartFit" */ = {
			isa = XCConfigurationList;
			buildConfigurations = (
				67C745BB1E9F092000B60013 /* Debug */,
				67C745BC1E9F092000B60013 /* Release */,
			);
			defaultConfigurationIsVisible = 0;
			defaultConfigurationName = Release;
		};
/* End XCConfigurationList section */
	};
	rootObject = 67C745A01E9F092000B60013 /* Project object */;
}
